
Microsoft Visual Studio Solution File, Format Version 12.00
# Visual Studio Version 16
VisualStudioVersion = 16.0.29503.13
MinimumVisualStudioVersion = 10.0.40219.1
Project("{9A19103F-16F7-4668-BE54-9A1E7A4F7556}") = "Sparta", "Sparta\Sparta.csproj", "{5FA94ADA-D5DF-481A-8EA4-2D7D754397C5}"
EndProject
Project("{FAE04EC0-301F-11D3-BF4B-00C04F79EFBC}") = "SpartaTest", "SpartaTest\SpartaTest.csproj", "{92BDE18E-DF24-49BD-9E20-3B4BD8569AD6}"
EndProject
Global
	GlobalSection(SolutionConfigurationPlatforms) = preSolution
		Debug|Any CPU = Debug|Any CPU
		Release|Any CPU = Release|Any CPU
	EndGlobalSection
	GlobalSection(ProjectConfigurationPlatforms) = postSolution
		{5FA94ADA-D5DF-481A-8EA4-2D7D754397C5}.Debug|Any CPU.ActiveCfg = Debug|Any CPU
		{5FA94ADA-D5DF-481A-8EA4-2D7D754397C5}.Debug|Any CPU.Build.0 = Debug|Any CPU
		{5FA94ADA-D5DF-481A-8EA4-2D7D754397C5}.Release|Any CPU.ActiveCfg = Release|Any CPU
		{5FA94ADA-D5DF-481A-8EA4-2D7D754397C5}.Release|Any CPU.Build.0 = Release|Any CPU
		{92BDE18E-DF24-49BD-9E20-3B4BD8569AD6}.Debug|Any CPU.ActiveCfg = Debug|Any CPU
		{92BDE18E-DF24-49BD-9E20-3B4BD8569AD6}.Debug|Any CPU.Build.0 = Debug|Any CPU
		{92BDE18E-DF24-49BD-9E20-3B4BD8569AD6}.Release|Any CPU.ActiveCfg = Release|Any CPU
		{92BDE18E-DF24-49BD-9E20-3B4BD8569AD6}.Release|Any CPU.Build.0 = Release|Any CPU
	EndGlobalSection
	GlobalSection(SolutionProperties) = preSolution
		HideSolutionNode = FALSE
	EndGlobalSection
	GlobalSection(ExtensibilityGlobals) = postSolution
		SolutionGuid = {BF381904-274A-4FD7-A2FC-B62578C2A503}
	EndGlobalSection
EndGlobal
